// !$*UTF8*$!
{
	archiveVersion = 1;
	classes = {
	};
	objectVersion = 56;
	objects = {

/* Begin PBXBuildFile section */
		2C1A3FCA290B564900680639 /* Zen.swift in Sources */ = {isa = PBXBuildFile; fileRef = 2C1A3FC9290B564900680639 /* Zen.swift */; };
		2C1A3FCC290B569B00680639 /* Token.swift in Sources */ = {isa = PBXBuildFile; fileRef = 2C1A3FCB290B569B00680639 /* Token.swift */; };
		2C1A3FCE290B56C100680639 /* NetworkRequest.swift in Sources */ = {isa = PBXBuildFile; fileRef = 2C1A3FCD290B56C100680639 /* NetworkRequest.swift */; };
		2C1A3FD0290B56DA00680639 /* DiffRequest.swift in Sources */ = {isa = PBXBuildFile; fileRef = 2C1A3FCF290B56DA00680639 /* DiffRequest.swift */; };
		2C1A3FD2290B570900680639 /* DiffResponse.swift in Sources */ = {isa = PBXBuildFile; fileRef = 2C1A3FD1290B570900680639 /* DiffResponse.swift */; };
		2C1A3FD4290B572600680639 /* AuthResponse.swift in Sources */ = {isa = PBXBuildFile; fileRef = 2C1A3FD3290B572600680639 /* AuthResponse.swift */; };
		2C1A3FD6290B57D400680639 /* NetworkError.swift in Sources */ = {isa = PBXBuildFile; fileRef = 2C1A3FD5290B57D400680639 /* NetworkError.swift */; };
		2C2E551B2919E71C00AE18B6 /* AddTransactionVC.swift in Sources */ = {isa = PBXBuildFile; fileRef = 2C2E551A2919E71C00AE18B6 /* AddTransactionVC.swift */; };
		2C2E551E291C9E3200AE18B6 /* DataModel.xcdatamodeld in Sources */ = {isa = PBXBuildFile; fileRef = 2C2E551C291C9E3200AE18B6 /* DataModel.xcdatamodeld */; };
		2C49AC69290B18DE00875658 /* AppDelegate.swift in Sources */ = {isa = PBXBuildFile; fileRef = 2C49AC68290B18DE00875658 /* AppDelegate.swift */; };
		2C49AC75290B18E000875658 /* Assets.xcassets in Resources */ = {isa = PBXBuildFile; fileRef = 2C49AC74290B18E000875658 /* Assets.xcassets */; };
		2C49AC78290B18E000875658 /* LaunchScreen.storyboard in Resources */ = {isa = PBXBuildFile; fileRef = 2C49AC76290B18E000875658 /* LaunchScreen.storyboard */; };
		2C49AC80290B192B00875658 /* MenuVC.swift in Sources */ = {isa = PBXBuildFile; fileRef = 2C49AC7F290B192B00875658 /* MenuVC.swift */; };
		2C49AC82290B196A00875658 /* TransactionsVC.swift in Sources */ = {isa = PBXBuildFile; fileRef = 2C49AC81290B196A00875658 /* TransactionsVC.swift */; };
		2C49AC86290B1C2500875658 /* SettingsVC.swift in Sources */ = {isa = PBXBuildFile; fileRef = 2C49AC85290B1C2500875658 /* SettingsVC.swift */; };
		2C49AC8F290B233400875658 /* NSLayoutConstraintExtension.swift in Sources */ = {isa = PBXBuildFile; fileRef = 2C49AC8E290B233400875658 /* NSLayoutConstraintExtension.swift */; };
		2C49AC91290B236F00875658 /* UsesAutoLayout.swift in Sources */ = {isa = PBXBuildFile; fileRef = 2C49AC90290B236F00875658 /* UsesAutoLayout.swift */; };
		2C49AC95290B372700875658 /* SettingCell.swift in Sources */ = {isa = PBXBuildFile; fileRef = 2C49AC94290B372700875658 /* SettingCell.swift */; };
		2C9E0CC6290F3033009FF8F4 /* TransactionCell.swift in Sources */ = {isa = PBXBuildFile; fileRef = 2C9E0CC5290F3033009FF8F4 /* TransactionCell.swift */; };
		2C9E0CC8290F3435009FF8F4 /* TransactionCellModel.swift in Sources */ = {isa = PBXBuildFile; fileRef = 2C9E0CC7290F3435009FF8F4 /* TransactionCellModel.swift */; };
		2C9E0CCA290F348C009FF8F4 /* UIImageExtension.swift in Sources */ = {isa = PBXBuildFile; fileRef = 2C9E0CC9290F348C009FF8F4 /* UIImageExtension.swift */; };
		2C9E0CCE290F39B7009FF8F4 /* StateManager.swift in Sources */ = {isa = PBXBuildFile; fileRef = 2C9E0CCD290F39B7009FF8F4 /* StateManager.swift */; };
		2CE4414E2963EE44003DFA35 /* TranView.swift in Sources */ = {isa = PBXBuildFile; fileRef = 2CE4414D2963EE44003DFA35 /* TranView.swift */; };
		2CE441502963EE5E003DFA35 /* TranInteractor.swift in Sources */ = {isa = PBXBuildFile; fileRef = 2CE4414F2963EE5E003DFA35 /* TranInteractor.swift */; };
		2CE441522963EE70003DFA35 /* TranPresenter.swift in Sources */ = {isa = PBXBuildFile; fileRef = 2CE441512963EE70003DFA35 /* TranPresenter.swift */; };
		2CE441542963EE7E003DFA35 /* TranEntity.swift in Sources */ = {isa = PBXBuildFile; fileRef = 2CE441532963EE7E003DFA35 /* TranEntity.swift */; };
		2CE441562963EE8C003DFA35 /* TranRouter.swift in Sources */ = {isa = PBXBuildFile; fileRef = 2CE441552963EE8C003DFA35 /* TranRouter.swift */; };
		2CE441592964ECC9003DFA35 /* SettView.swift in Sources */ = {isa = PBXBuildFile; fileRef = 2CE441582964ECC9003DFA35 /* SettView.swift */; };
		2CE4415B2964ECDB003DFA35 /* SettInteractor.swift in Sources */ = {isa = PBXBuildFile; fileRef = 2CE4415A2964ECDB003DFA35 /* SettInteractor.swift */; };
		2CE4415D2964ECE9003DFA35 /* SettPresenter.swift in Sources */ = {isa = PBXBuildFile; fileRef = 2CE4415C2964ECE9003DFA35 /* SettPresenter.swift */; };
		2CE4415F2964ECF6003DFA35 /* SettEntity.swift in Sources */ = {isa = PBXBuildFile; fileRef = 2CE4415E2964ECF6003DFA35 /* SettEntity.swift */; };
		2CE441612964ED02003DFA35 /* SettRouter.swift in Sources */ = {isa = PBXBuildFile; fileRef = 2CE441602964ED02003DFA35 /* SettRouter.swift */; };
/* End PBXBuildFile section */

/* Begin PBXFileReference section */
		2C1A3FC9290B564900680639 /* Zen.swift */ = {isa = PBXFileReference; lastKnownFileType = sourcecode.swift; path = Zen.swift; sourceTree = "<group>"; };
		2C1A3FCB290B569B00680639 /* Token.swift */ = {isa = PBXFileReference; lastKnownFileType = sourcecode.swift; path = Token.swift; sourceTree = "<group>"; };
		2C1A3FCD290B56C100680639 /* NetworkRequest.swift */ = {isa = PBXFileReference; lastKnownFileType = sourcecode.swift; path = NetworkRequest.swift; sourceTree = "<group>"; };
		2C1A3FCF290B56DA00680639 /* DiffRequest.swift */ = {isa = PBXFileReference; lastKnownFileType = sourcecode.swift; path = DiffRequest.swift; sourceTree = "<group>"; };
		2C1A3FD1290B570900680639 /* DiffResponse.swift */ = {isa = PBXFileReference; lastKnownFileType = sourcecode.swift; path = DiffResponse.swift; sourceTree = "<group>"; };
		2C1A3FD3290B572600680639 /* AuthResponse.swift */ = {isa = PBXFileReference; lastKnownFileType = sourcecode.swift; path = AuthResponse.swift; sourceTree = "<group>"; };
		2C1A3FD5290B57D400680639 /* NetworkError.swift */ = {isa = PBXFileReference; lastKnownFileType = sourcecode.swift; path = NetworkError.swift; sourceTree = "<group>"; };
		2C2E551A2919E71C00AE18B6 /* AddTransactionVC.swift */ = {isa = PBXFileReference; lastKnownFileType = sourcecode.swift; path = AddTransactionVC.swift; sourceTree = "<group>"; };
		2C2E551D291C9E3200AE18B6 /* DataModel.xcdatamodel */ = {isa = PBXFileReference; lastKnownFileType = wrapper.xcdatamodel; path = DataModel.xcdatamodel; sourceTree = "<group>"; };
		2C49AC65290B18DE00875658 /* Cash Stash.app */ = {isa = PBXFileReference; explicitFileType = wrapper.application; includeInIndex = 0; path = "Cash Stash.app"; sourceTree = BUILT_PRODUCTS_DIR; };
		2C49AC68290B18DE00875658 /* AppDelegate.swift */ = {isa = PBXFileReference; lastKnownFileType = sourcecode.swift; path = AppDelegate.swift; sourceTree = "<group>"; };
		2C49AC74290B18E000875658 /* Assets.xcassets */ = {isa = PBXFileReference; lastKnownFileType = folder.assetcatalog; path = Assets.xcassets; sourceTree = "<group>"; };
		2C49AC77290B18E000875658 /* Base */ = {isa = PBXFileReference; lastKnownFileType = file.storyboard; name = Base; path = Base.lproj/LaunchScreen.storyboard; sourceTree = "<group>"; };
		2C49AC79290B18E000875658 /* Info.plist */ = {isa = PBXFileReference; lastKnownFileType = text.plist.xml; path = Info.plist; sourceTree = "<group>"; };
		2C49AC7F290B192B00875658 /* MenuVC.swift */ = {isa = PBXFileReference; lastKnownFileType = sourcecode.swift; path = MenuVC.swift; sourceTree = "<group>"; };
		2C49AC81290B196A00875658 /* TransactionsVC.swift */ = {isa = PBXFileReference; lastKnownFileType = sourcecode.swift; path = TransactionsVC.swift; sourceTree = "<group>"; };
		2C49AC85290B1C2500875658 /* SettingsVC.swift */ = {isa = PBXFileReference; lastKnownFileType = sourcecode.swift; path = SettingsVC.swift; sourceTree = "<group>"; };
		2C49AC8E290B233400875658 /* NSLayoutConstraintExtension.swift */ = {isa = PBXFileReference; lastKnownFileType = sourcecode.swift; path = NSLayoutConstraintExtension.swift; sourceTree = "<group>"; };
		2C49AC90290B236F00875658 /* UsesAutoLayout.swift */ = {isa = PBXFileReference; lastKnownFileType = sourcecode.swift; path = UsesAutoLayout.swift; sourceTree = "<group>"; };
		2C49AC94290B372700875658 /* SettingCell.swift */ = {isa = PBXFileReference; lastKnownFileType = sourcecode.swift; path = SettingCell.swift; sourceTree = "<group>"; };
		2C9E0CC5290F3033009FF8F4 /* TransactionCell.swift */ = {isa = PBXFileReference; lastKnownFileType = sourcecode.swift; path = TransactionCell.swift; sourceTree = "<group>"; };
		2C9E0CC7290F3435009FF8F4 /* TransactionCellModel.swift */ = {isa = PBXFileReference; lastKnownFileType = sourcecode.swift; path = TransactionCellModel.swift; sourceTree = "<group>"; };
		2C9E0CC9290F348C009FF8F4 /* UIImageExtension.swift */ = {isa = PBXFileReference; lastKnownFileType = sourcecode.swift; path = UIImageExtension.swift; sourceTree = "<group>"; };
		2C9E0CCD290F39B7009FF8F4 /* StateManager.swift */ = {isa = PBXFileReference; lastKnownFileType = sourcecode.swift; path = StateManager.swift; sourceTree = "<group>"; };
		2CE4414D2963EE44003DFA35 /* TranView.swift */ = {isa = PBXFileReference; lastKnownFileType = sourcecode.swift; path = TranView.swift; sourceTree = "<group>"; };
		2CE4414F2963EE5E003DFA35 /* TranInteractor.swift */ = {isa = PBXFileReference; lastKnownFileType = sourcecode.swift; path = TranInteractor.swift; sourceTree = "<group>"; };
		2CE441512963EE70003DFA35 /* TranPresenter.swift */ = {isa = PBXFileReference; lastKnownFileType = sourcecode.swift; path = TranPresenter.swift; sourceTree = "<group>"; };
		2CE441532963EE7E003DFA35 /* TranEntity.swift */ = {isa = PBXFileReference; lastKnownFileType = sourcecode.swift; path = TranEntity.swift; sourceTree = "<group>"; };
		2CE441552963EE8C003DFA35 /* TranRouter.swift */ = {isa = PBXFileReference; lastKnownFileType = sourcecode.swift; path = TranRouter.swift; sourceTree = "<group>"; };
		2CE441582964ECC9003DFA35 /* SettView.swift */ = {isa = PBXFileReference; lastKnownFileType = sourcecode.swift; path = SettView.swift; sourceTree = "<group>"; };
		2CE4415A2964ECDB003DFA35 /* SettInteractor.swift */ = {isa = PBXFileReference; lastKnownFileType = sourcecode.swift; path = SettInteractor.swift; sourceTree = "<group>"; };
		2CE4415C2964ECE9003DFA35 /* SettPresenter.swift */ = {isa = PBXFileReference; lastKnownFileType = sourcecode.swift; path = SettPresenter.swift; sourceTree = "<group>"; };
		2CE4415E2964ECF6003DFA35 /* SettEntity.swift */ = {isa = PBXFileReference; lastKnownFileType = sourcecode.swift; path = SettEntity.swift; sourceTree = "<group>"; };
		2CE441602964ED02003DFA35 /* SettRouter.swift */ = {isa = PBXFileReference; lastKnownFileType = sourcecode.swift; path = SettRouter.swift; sourceTree = "<group>"; };
/* End PBXFileReference section */

/* Begin PBXFrameworksBuildPhase section */
		2C49AC62290B18DE00875658 /* Frameworks */ = {
			isa = PBXFrameworksBuildPhase;
			buildActionMask = 2147483647;
			files = (
			);
			runOnlyForDeploymentPostprocessing = 0;
		};
/* End PBXFrameworksBuildPhase section */

/* Begin PBXGroup section */
		2C49AC5C290B18DE00875658 = {
			isa = PBXGroup;
			children = (
				2C49AC67290B18DE00875658 /* Cash Stash */,
				2C49AC66290B18DE00875658 /* Products */,
			);
			sourceTree = "<group>";
		};
		2C49AC66290B18DE00875658 /* Products */ = {
			isa = PBXGroup;
			children = (
				2C49AC65290B18DE00875658 /* Cash Stash.app */,
			);
			name = Products;
			sourceTree = "<group>";
		};
		2C49AC67290B18DE00875658 /* Cash Stash */ = {
			isa = PBXGroup;
			children = (
				2CE4414C2963EE0C003DFA35 /* Transactions */,
				2CE441572964ECAB003DFA35 /* Settings */,
				2C49AC68290B18DE00875658 /* AppDelegate.swift */,
				2C49AC74290B18E000875658 /* Assets.xcassets */,
				2C49AC76290B18E000875658 /* LaunchScreen.storyboard */,
				2C49AC79290B18E000875658 /* Info.plist */,
				2C2E551C291C9E3200AE18B6 /* DataModel.xcdatamodeld */,
				2C49AC7F290B192B00875658 /* MenuVC.swift */,
				2C49AC81290B196A00875658 /* TransactionsVC.swift */,
				2C9E0CC5290F3033009FF8F4 /* TransactionCell.swift */,
				2C9E0CC7290F3435009FF8F4 /* TransactionCellModel.swift */,
				2C49AC85290B1C2500875658 /* SettingsVC.swift */,
				2C49AC94290B372700875658 /* SettingCell.swift */,
				2C2E551A2919E71C00AE18B6 /* AddTransactionVC.swift */,
				2C49AC8D290B232300875658 /* Misc */,
				2C1A3FC9290B564900680639 /* Zen.swift */,
				2C1A3FCB290B569B00680639 /* Token.swift */,
				2C1A3FCD290B56C100680639 /* NetworkRequest.swift */,
				2C1A3FCF290B56DA00680639 /* DiffRequest.swift */,
				2C1A3FD1290B570900680639 /* DiffResponse.swift */,
				2C1A3FD3290B572600680639 /* AuthResponse.swift */,
				2C1A3FD5290B57D400680639 /* NetworkError.swift */,
				2C9E0CCD290F39B7009FF8F4 /* StateManager.swift */,
			);
			path = "Cash Stash";
			sourceTree = "<group>";
		};
		2C49AC8D290B232300875658 /* Misc */ = {
			isa = PBXGroup;
			children = (
				2C49AC90290B236F00875658 /* UsesAutoLayout.swift */,
				2C49AC8E290B233400875658 /* NSLayoutConstraintExtension.swift */,
				2C9E0CC9290F348C009FF8F4 /* UIImageExtension.swift */,
			);
			path = Misc;
			sourceTree = "<group>";
		};
		2CE4414C2963EE0C003DFA35 /* Transactions */ = {
			isa = PBXGroup;
			children = (
				2CE4414D2963EE44003DFA35 /* TranView.swift */,
				2CE4414F2963EE5E003DFA35 /* TranInteractor.swift */,
				2CE441512963EE70003DFA35 /* TranPresenter.swift */,
				2CE441532963EE7E003DFA35 /* TranEntity.swift */,
				2CE441552963EE8C003DFA35 /* TranRouter.swift */,
			);
			path = Transactions;
			sourceTree = "<group>";
		};
		2CE441572964ECAB003DFA35 /* Settings */ = {
			isa = PBXGroup;
			children = (
				2CE441582964ECC9003DFA35 /* SettView.swift */,
				2CE4415A2964ECDB003DFA35 /* SettInteractor.swift */,
				2CE4415C2964ECE9003DFA35 /* SettPresenter.swift */,
				2CE4415E2964ECF6003DFA35 /* SettEntity.swift */,
				2CE441602964ED02003DFA35 /* SettRouter.swift */,
			);
			path = Settings;
			sourceTree = "<group>";
		};
/* End PBXGroup section */

/* Begin PBXNativeTarget section */
		2C49AC64290B18DE00875658 /* Cash Stash */ = {
			isa = PBXNativeTarget;
			buildConfigurationList = 2C49AC7C290B18E000875658 /* Build configuration list for PBXNativeTarget "Cash Stash" */;
			buildPhases = (
				2C49AC61290B18DE00875658 /* Sources */,
				2C49AC62290B18DE00875658 /* Frameworks */,
				2C49AC63290B18DE00875658 /* Resources */,
			);
			buildRules = (
			);
			dependencies = (
			);
			name = "Cash Stash";
			productName = "Cash Stash";
			productReference = 2C49AC65290B18DE00875658 /* Cash Stash.app */;
			productType = "com.apple.product-type.application";
		};
/* End PBXNativeTarget section */

/* Begin PBXProject section */
		2C49AC5D290B18DE00875658 /* Project object */ = {
			isa = PBXProject;
			attributes = {
				BuildIndependentTargetsInParallel = 1;
				LastSwiftUpdateCheck = 1400;
				LastUpgradeCheck = 1400;
				TargetAttributes = {
					2C49AC64290B18DE00875658 = {
						CreatedOnToolsVersion = 14.0.1;
					};
				};
			};
			buildConfigurationList = 2C49AC60290B18DE00875658 /* Build configuration list for PBXProject "Cash Stash" */;
			compatibilityVersion = "Xcode 14.0";
			developmentRegion = en;
			hasScannedForEncodings = 0;
			knownRegions = (
				en,
				Base,
			);
			mainGroup = 2C49AC5C290B18DE00875658;
			productRefGroup = 2C49AC66290B18DE00875658 /* Products */;
			projectDirPath = "";
			projectRoot = "";
			targets = (
				2C49AC64290B18DE00875658 /* Cash Stash */,
			);
		};
/* End PBXProject section */

/* Begin PBXResourcesBuildPhase section */
		2C49AC63290B18DE00875658 /* Resources */ = {
			isa = PBXResourcesBuildPhase;
			buildActionMask = 2147483647;
			files = (
				2C49AC78290B18E000875658 /* LaunchScreen.storyboard in Resources */,
				2C49AC75290B18E000875658 /* Assets.xcassets in Resources */,
			);
			runOnlyForDeploymentPostprocessing = 0;
		};
/* End PBXResourcesBuildPhase section */

/* Begin PBXSourcesBuildPhase section */
		2C49AC61290B18DE00875658 /* Sources */ = {
			isa = PBXSourcesBuildPhase;
			buildActionMask = 2147483647;
			files = (
				2C1A3FD0290B56DA00680639 /* DiffRequest.swift in Sources */,
				2CE441502963EE5E003DFA35 /* TranInteractor.swift in Sources */,
				2C1A3FCC290B569B00680639 /* Token.swift in Sources */,
				2C49AC91290B236F00875658 /* UsesAutoLayout.swift in Sources */,
				2C1A3FD4290B572600680639 /* AuthResponse.swift in Sources */,
				2C9E0CCA290F348C009FF8F4 /* UIImageExtension.swift in Sources */,
				2CE441612964ED02003DFA35 /* SettRouter.swift in Sources */,
				2CE441562963EE8C003DFA35 /* TranRouter.swift in Sources */,
				2C49AC69290B18DE00875658 /* AppDelegate.swift in Sources */,
				2C9E0CC6290F3033009FF8F4 /* TransactionCell.swift in Sources */,
				2CE441522963EE70003DFA35 /* TranPresenter.swift in Sources */,
				2C1A3FD2290B570900680639 /* DiffResponse.swift in Sources */,
				2C49AC82290B196A00875658 /* TransactionsVC.swift in Sources */,
				2C2E551E291C9E3200AE18B6 /* DataModel.xcdatamodeld in Sources */,
				2C49AC86290B1C2500875658 /* SettingsVC.swift in Sources */,
				2CE441542963EE7E003DFA35 /* TranEntity.swift in Sources */,
				2C2E551B2919E71C00AE18B6 /* AddTransactionVC.swift in Sources */,
				2C1A3FD6290B57D400680639 /* NetworkError.swift in Sources */,
				2C9E0CCE290F39B7009FF8F4 /* StateManager.swift in Sources */,
				2CE4415F2964ECF6003DFA35 /* SettEntity.swift in Sources */,
				2CE441592964ECC9003DFA35 /* SettView.swift in Sources */,
				2C1A3FCA290B564900680639 /* Zen.swift in Sources */,
				2C9E0CC8290F3435009FF8F4 /* TransactionCellModel.swift in Sources */,
				2CE4414E2963EE44003DFA35 /* TranView.swift in Sources */,
				2C49AC80290B192B00875658 /* MenuVC.swift in Sources */,
				2CE4415B2964ECDB003DFA35 /* SettInteractor.swift in Sources */,
				2C1A3FCE290B56C100680639 /* NetworkRequest.swift in Sources */,
				2C49AC95290B372700875658 /* SettingCell.swift in Sources */,
				2CE4415D2964ECE9003DFA35 /* SettPresenter.swift in Sources */,
				2C49AC8F290B233400875658 /* NSLayoutConstraintExtension.swift in Sources */,
			);
			runOnlyForDeploymentPostprocessing = 0;
		};
/* End PBXSourcesBuildPhase section */

/* Begin PBXVariantGroup section */
		2C49AC76290B18E000875658 /* LaunchScreen.storyboard */ = {
			isa = PBXVariantGroup;
			children = (
				2C49AC77290B18E000875658 /* Base */,
			);
			name = LaunchScreen.storyboard;
			sourceTree = "<group>";
		};
/* End PBXVariantGroup section */

/* Begin XCBuildConfiguration section */
		2C49AC7A290B18E000875658 /* Debug */ = {
			isa = XCBuildConfiguration;
			buildSettings = {
				ALWAYS_SEARCH_USER_PATHS = NO;
				CLANG_ANALYZER_NONNULL = YES;
				CLANG_ANALYZER_NUMBER_OBJECT_CONVERSION = YES_AGGRESSIVE;
				CLANG_CXX_LANGUAGE_STANDARD = "gnu++20";
				CLANG_ENABLE_MODULES = YES;
				CLANG_ENABLE_OBJC_ARC = YES;
				CLANG_ENABLE_OBJC_WEAK = YES;
				CLANG_WARN_BLOCK_CAPTURE_AUTORELEASING = YES;
				CLANG_WARN_BOOL_CONVERSION = YES;
				CLANG_WARN_COMMA = YES;
				CLANG_WARN_CONSTANT_CONVERSION = YES;
				CLANG_WARN_DEPRECATED_OBJC_IMPLEMENTATIONS = YES;
				CLANG_WARN_DIRECT_OBJC_ISA_USAGE = YES_ERROR;
				CLANG_WARN_DOCUMENTATION_COMMENTS = YES;
				CLANG_WARN_EMPTY_BODY = YES;
				CLANG_WARN_ENUM_CONVERSION = YES;
				CLANG_WARN_INFINITE_RECURSION = YES;
				CLANG_WARN_INT_CONVERSION = YES;
				CLANG_WARN_NON_LITERAL_NULL_CONVERSION = YES;
				CLANG_WARN_OBJC_IMPLICIT_RETAIN_SELF = YES;
				CLANG_WARN_OBJC_LITERAL_CONVERSION = YES;
				CLANG_WARN_OBJC_ROOT_CLASS = YES_ERROR;
				CLANG_WARN_QUOTED_INCLUDE_IN_FRAMEWORK_HEADER = YES;
				CLANG_WARN_RANGE_LOOP_ANALYSIS = YES;
				CLANG_WARN_STRICT_PROTOTYPES = YES;
				CLANG_WARN_SUSPICIOUS_MOVE = YES;
				CLANG_WARN_UNGUARDED_AVAILABILITY = YES_AGGRESSIVE;
				CLANG_WARN_UNREACHABLE_CODE = YES;
				CLANG_WARN__DUPLICATE_METHOD_MATCH = YES;
				COPY_PHASE_STRIP = NO;
				DEBUG_INFORMATION_FORMAT = dwarf;
				ENABLE_STRICT_OBJC_MSGSEND = YES;
				ENABLE_TESTABILITY = YES;
				GCC_C_LANGUAGE_STANDARD = gnu11;
				GCC_DYNAMIC_NO_PIC = NO;
				GCC_NO_COMMON_BLOCKS = YES;
				GCC_OPTIMIZATION_LEVEL = 0;
				GCC_PREPROCESSOR_DEFINITIONS = (
					"DEBUG=1",
					"$(inherited)",
				);
				GCC_WARN_64_TO_32_BIT_CONVERSION = YES;
				GCC_WARN_ABOUT_RETURN_TYPE = YES_ERROR;
				GCC_WARN_UNDECLARED_SELECTOR = YES;
				GCC_WARN_UNINITIALIZED_AUTOS = YES_AGGRESSIVE;
				GCC_WARN_UNUSED_FUNCTION = YES;
				GCC_WARN_UNUSED_VARIABLE = YES;
				IPHONEOS_DEPLOYMENT_TARGET = 12.0;
				MTL_ENABLE_DEBUG_INFO = INCLUDE_SOURCE;
				MTL_FAST_MATH = YES;
				ONLY_ACTIVE_ARCH = YES;
				SDKROOT = iphoneos;
				SWIFT_ACTIVE_COMPILATION_CONDITIONS = DEBUG;
				SWIFT_OPTIMIZATION_LEVEL = "-Onone";
			};
			name = Debug;
		};
		2C49AC7B290B18E000875658 /* Release */ = {
			isa = XCBuildConfiguration;
			buildSettings = {
				ALWAYS_SEARCH_USER_PATHS = NO;
				CLANG_ANALYZER_NONNULL = YES;
				CLANG_ANALYZER_NUMBER_OBJECT_CONVERSION = YES_AGGRESSIVE;
				CLANG_CXX_LANGUAGE_STANDARD = "gnu++20";
				CLANG_ENABLE_MODULES = YES;
				CLANG_ENABLE_OBJC_ARC = YES;
				CLANG_ENABLE_OBJC_WEAK = YES;
				CLANG_WARN_BLOCK_CAPTURE_AUTORELEASING = YES;
				CLANG_WARN_BOOL_CONVERSION = YES;
				CLANG_WARN_COMMA = YES;
				CLANG_WARN_CONSTANT_CONVERSION = YES;
				CLANG_WARN_DEPRECATED_OBJC_IMPLEMENTATIONS = YES;
				CLANG_WARN_DIRECT_OBJC_ISA_USAGE = YES_ERROR;
				CLANG_WARN_DOCUMENTATION_COMMENTS = YES;
				CLANG_WARN_EMPTY_BODY = YES;
				CLANG_WARN_ENUM_CONVERSION = YES;
				CLANG_WARN_INFINITE_RECURSION = YES;
				CLANG_WARN_INT_CONVERSION = YES;
				CLANG_WARN_NON_LITERAL_NULL_CONVERSION = YES;
				CLANG_WARN_OBJC_IMPLICIT_RETAIN_SELF = YES;
				CLANG_WARN_OBJC_LITERAL_CONVERSION = YES;
				CLANG_WARN_OBJC_ROOT_CLASS = YES_ERROR;
				CLANG_WARN_QUOTED_INCLUDE_IN_FRAMEWORK_HEADER = YES;
				CLANG_WARN_RANGE_LOOP_ANALYSIS = YES;
				CLANG_WARN_STRICT_PROTOTYPES = YES;
				CLANG_WARN_SUSPICIOUS_MOVE = YES;
				CLANG_WARN_UNGUARDED_AVAILABILITY = YES_AGGRESSIVE;
				CLANG_WARN_UNREACHABLE_CODE = YES;
				CLANG_WARN__DUPLICATE_METHOD_MATCH = YES;
				COPY_PHASE_STRIP = NO;
				DEBUG_INFORMATION_FORMAT = "dwarf-with-dsym";
				ENABLE_NS_ASSERTIONS = NO;
				ENABLE_STRICT_OBJC_MSGSEND = YES;
				GCC_C_LANGUAGE_STANDARD = gnu11;
				GCC_NO_COMMON_BLOCKS = YES;
				GCC_WARN_64_TO_32_BIT_CONVERSION = YES;
				GCC_WARN_ABOUT_RETURN_TYPE = YES_ERROR;
				GCC_WARN_UNDECLARED_SELECTOR = YES;
				GCC_WARN_UNINITIALIZED_AUTOS = YES_AGGRESSIVE;
				GCC_WARN_UNUSED_FUNCTION = YES;
				GCC_WARN_UNUSED_VARIABLE = YES;
				IPHONEOS_DEPLOYMENT_TARGET = 12.0;
				MTL_ENABLE_DEBUG_INFO = NO;
				MTL_FAST_MATH = YES;
				SDKROOT = iphoneos;
				SWIFT_COMPILATION_MODE = wholemodule;
				SWIFT_OPTIMIZATION_LEVEL = "-O";
				VALIDATE_PRODUCT = YES;
			};
			name = Release;
		};
		2C49AC7D290B18E000875658 /* Debug */ = {
			isa = XCBuildConfiguration;
			buildSettings = {
				ASSETCATALOG_COMPILER_APPICON_NAME = AppIcon;
				ASSETCATALOG_COMPILER_GLOBAL_ACCENT_COLOR_NAME = AccentColor;
				CODE_SIGN_STYLE = Automatic;
				CURRENT_PROJECT_VERSION = 1;
				DEVELOPMENT_TEAM = J25YA2CZDR;
				GENERATE_INFOPLIST_FILE = YES;
				INFOPLIST_FILE = "Cash Stash/Info.plist";
				INFOPLIST_KEY_UIApplicationSupportsIndirectInputEvents = YES;
				INFOPLIST_KEY_UILaunchStoryboardName = LaunchScreen;
				INFOPLIST_KEY_UISupportedInterfaceOrientations_iPad = "UIInterfaceOrientationPortrait UIInterfaceOrientationPortraitUpsideDown UIInterfaceOrientationLandscapeLeft UIInterfaceOrientationLandscapeRight";
				INFOPLIST_KEY_UISupportedInterfaceOrientations_iPhone = "UIInterfaceOrientationPortrait UIInterfaceOrientationLandscapeLeft UIInterfaceOrientationLandscapeRight";
				IPHONEOS_DEPLOYMENT_TARGET = 12.0;
				LD_RUNPATH_SEARCH_PATHS = (
					"$(inherited)",
					"@executable_path/Frameworks",
				);
				MARKETING_VERSION = 1.0;
				PRODUCT_BUNDLE_IDENTIFIER = "com.dmitriynikulin.Cash-Stash";
				PRODUCT_NAME = "$(TARGET_NAME)";
				SWIFT_EMIT_LOC_STRINGS = YES;
				SWIFT_VERSION = 5.0;
				TARGETED_DEVICE_FAMILY = "1,2";
			};
			name = Debug;
		};
		2C49AC7E290B18E000875658 /* Release */ = {
			isa = XCBuildConfiguration;
			buildSettings = {
				ASSETCATALOG_COMPILER_APPICON_NAME = AppIcon;
				ASSETCATALOG_COMPILER_GLOBAL_ACCENT_COLOR_NAME = AccentColor;
				CODE_SIGN_STYLE = Automatic;
				CURRENT_PROJECT_VERSION = 1;
				DEVELOPMENT_TEAM = J25YA2CZDR;
				GENERATE_INFOPLIST_FILE = YES;
				INFOPLIST_FILE = "Cash Stash/Info.plist";
				INFOPLIST_KEY_UIApplicationSupportsIndirectInputEvents = YES;
				INFOPLIST_KEY_UILaunchStoryboardName = LaunchScreen;
				INFOPLIST_KEY_UISupportedInterfaceOrientations_iPad = "UIInterfaceOrientationPortrait UIInterfaceOrientationPortraitUpsideDown UIInterfaceOrientationLandscapeLeft UIInterfaceOrientationLandscapeRight";
				INFOPLIST_KEY_UISupportedInterfaceOrientations_iPhone = "UIInterfaceOrientationPortrait UIInterfaceOrientationLandscapeLeft UIInterfaceOrientationLandscapeRight";
				IPHONEOS_DEPLOYMENT_TARGET = 12.0;
				LD_RUNPATH_SEARCH_PATHS = (
					"$(inherited)",
					"@executable_path/Frameworks",
				);
				MARKETING_VERSION = 1.0;
				PRODUCT_BUNDLE_IDENTIFIER = "com.dmitriynikulin.Cash-Stash";
				PRODUCT_NAME = "$(TARGET_NAME)";
				SWIFT_EMIT_LOC_STRINGS = YES;
				SWIFT_VERSION = 5.0;
				TARGETED_DEVICE_FAMILY = "1,2";
			};
			name = Release;
		};
/* End XCBuildConfiguration section */

/* Begin XCConfigurationList section */
		2C49AC60290B18DE00875658 /* Build configuration list for PBXProject "Cash Stash" */ = {
			isa = XCConfigurationList;
			buildConfigurations = (
				2C49AC7A290B18E000875658 /* Debug */,
				2C49AC7B290B18E000875658 /* Release */,
			);
			defaultConfigurationIsVisible = 0;
			defaultConfigurationName = Release;
		};
		2C49AC7C290B18E000875658 /* Build configuration list for PBXNativeTarget "Cash Stash" */ = {
			isa = XCConfigurationList;
			buildConfigurations = (
				2C49AC7D290B18E000875658 /* Debug */,
				2C49AC7E290B18E000875658 /* Release */,
			);
			defaultConfigurationIsVisible = 0;
			defaultConfigurationName = Release;
		};
/* End XCConfigurationList section */

/* Begin XCVersionGroup section */
		2C2E551C291C9E3200AE18B6 /* DataModel.xcdatamodeld */ = {
			isa = XCVersionGroup;
			children = (
				2C2E551D291C9E3200AE18B6 /* DataModel.xcdatamodel */,
			);
			currentVersion = 2C2E551D291C9E3200AE18B6 /* DataModel.xcdatamodel */;
			path = DataModel.xcdatamodeld;
			sourceTree = "<group>";
			versionGroupType = wrapper.xcdatamodel;
		};
/* End XCVersionGroup section */
	};
	rootObject = 2C49AC5D290B18DE00875658 /* Project object */;
}
